
Microsoft Visual Studio Solution File, Format Version 12.00
# Visual Studio Version 17
VisualStudioVersion = 17.11.35208.52
MinimumVisualStudioVersion = 10.0.40219.1
Project("{FAE04EC0-301F-11D3-BF4B-00C04F79EFBC}") = "DesignPatterns", "DesignPatterns\DesignPatterns.csproj", "{42713CDF-B6F8-4B59-BD60-5381E8E090A3}"
EndProject
Global
	GlobalSection(SolutionConfigurationPlatforms) = preSolution
		Debug|Any CPU = Debug|Any CPU
		Release|Any CPU = Release|Any CPU
	EndGlobalSection
	GlobalSection(ProjectConfigurationPlatforms) = postSolution
		{42713CDF-B6F8-4B59-BD60-5381E8E090A3}.Debug|Any CPU.ActiveCfg = Debug|Any CPU
		{42713CDF-B6F8-4B59-BD60-5381E8E090A3}.Debug|Any CPU.Build.0 = Debug|Any CPU
		{42713CDF-B6F8-4B59-BD60-5381E8E090A3}.Release|Any CPU.ActiveCfg = Release|Any CPU
		{42713CDF-B6F8-4B59-BD60-5381E8E090A3}.Release|Any CPU.Build.0 = Release|Any CPU
	EndGlobalSection
	GlobalSection(SolutionProperties) = preSolution
		HideSolutionNode = FALSE
	EndGlobalSection
	GlobalSection(ExtensibilityGlobals) = postSolution
		SolutionGuid = {96FB13D1-6EAD-4274-BA58-35AE875788D3}
	EndGlobalSection
EndGlobal
