
Microsoft Visual Studio Solution File, Format Version 12.00
# Visual Studio Version 17
VisualStudioVersion = 17.0.31903.59
MinimumVisualStudioVersion = 10.0.40219.1
Project("{9A19103F-16F7-4668-BE54-9A1E7A4F7556}") = "ActiveRecord", "AccesoDatos\ActiveRecord\ActiveRecord.csproj", "{7B139D45-4578-4D8D-BDA0-16C4C0B262AD}"
EndProject
Project("{2150E333-8FDC-42A3-9474-1A3956D46DE8}") = "AccesoDatos", "AccesoDatos", "{013FF897-4B09-4A8C-ABA6-95573657A9CE}"
EndProject
Project("{2150E333-8FDC-42A3-9474-1A3956D46DE8}") = "Arquitectonicos", "Arquitectonicos", "{85CE7B2A-A702-41C2-9B1C-29ED21BB74DE}"
EndProject
Project("{2150E333-8FDC-42A3-9474-1A3956D46DE8}") = "Comportamiento", "Comportamiento", "{56DE03F4-4BCE-432C-B280-BD6056849BC3}"
EndProject
Project("{2150E333-8FDC-42A3-9474-1A3956D46DE8}") = "Concurrencia", "Concurrencia", "{51F1F1F6-20B9-463E-9CB8-F4C706BC900D}"
EndProject
Project("{2150E333-8FDC-42A3-9474-1A3956D46DE8}") = "Creacionales", "Creacionales", "{DED85BF8-89FA-4A39-9B12-BE237E530233}"
EndProject
Project("{2150E333-8FDC-42A3-9474-1A3956D46DE8}") = "Estructurales", "Estructurales", "{6763B546-5C66-4603-9C77-3DF3879FC458}"
EndProject
Project("{2150E333-8FDC-42A3-9474-1A3956D46DE8}") = "Integracion", "Integracion", "{666E369F-AC60-4BEF-B54E-02C8BF3F532F}"
EndProject
Project("{2150E333-8FDC-42A3-9474-1A3956D46DE8}") = "Seguridad", "Seguridad", "{3A246D02-7002-45D5-B2C0-B8570A493E80}"
EndProject
Project("{9A19103F-16F7-4668-BE54-9A1E7A4F7556}") = "DataMapper", "AccesoDatos\DataMapper\DataMapper.csproj", "{74010518-CA9C-4792-8675-0B4907813B93}"
EndProject
Project("{9A19103F-16F7-4668-BE54-9A1E7A4F7556}") = "DDD", "Arquitectonicos\DDD\DDD.csproj", "{45DB6CCB-2F47-40F2-8E87-D7B788A23372}"
EndProject
Project("{9A19103F-16F7-4668-BE54-9A1E7A4F7556}") = "DependencyInjection", "Arquitectonicos\DependencyInjection\DependencyInjection.csproj", "{FEEAAA6E-5428-48EB-B933-036EEE09441B}"
EndProject
Project("{9A19103F-16F7-4668-BE54-9A1E7A4F7556}") = "MVC", "Arquitectonicos\MVC\MVC.csproj", "{6D8A7B8D-6EC6-4135-BDF9-0AAAD1C96403}"
EndProject
Project("{9A19103F-16F7-4668-BE54-9A1E7A4F7556}") = "MVVM", "Arquitectonicos\MVVM\MVVM.csproj", "{A722A4D9-FCBC-43D7-8A9B-33E19E07C420}"
EndProject
Project("{9A19103F-16F7-4668-BE54-9A1E7A4F7556}") = "Repository", "Arquitectonicos\Repository\Repository.csproj", "{36B7B58D-142E-4588-AC76-8554570226E5}"
EndProject
Project("{9A19103F-16F7-4668-BE54-9A1E7A4F7556}") = "ServiceLocator", "Arquitectonicos\ServiceLocator\ServiceLocator.csproj", "{BE0B9BBD-BA68-42F0-8663-EEC90DC3EC73}"
EndProject
Project("{9A19103F-16F7-4668-BE54-9A1E7A4F7556}") = "UnitOfWork", "Arquitectonicos\UnitOfWork\UnitOfWork.csproj", "{DA254547-8FA6-4CFD-9A0F-C1D8782491BC}"
EndProject
Project("{9A19103F-16F7-4668-BE54-9A1E7A4F7556}") = "DoubleCheckedLocking", "Concurrencia\DoubleCheckedLocking\DoubleCheckedLocking.csproj", "{E650E5F7-7966-4953-A3ED-154C8B69F1C4}"
EndProject
Project("{9A19103F-16F7-4668-BE54-9A1E7A4F7556}") = "Immutable", "Concurrencia\Immutable\Immutable.csproj", "{256E8885-6000-4A25-B288-67DDD49C5DB9}"
EndProject
Project("{9A19103F-16F7-4668-BE54-9A1E7A4F7556}") = "MonitorObject", "Concurrencia\MonitorObject\MonitorObject.csproj", "{00B0B2A7-5047-4E4F-9CCE-BE207604D16F}"
EndProject
Project("{9A19103F-16F7-4668-BE54-9A1E7A4F7556}") = "ThreadPool", "Concurrencia\ThreadPool\ThreadPool.csproj", "{92A9A31C-D2BF-44CD-9E21-161B82D2FA45}"
EndProject
Project("{9A19103F-16F7-4668-BE54-9A1E7A4F7556}") = "AccessControl", "Seguridad\AccessControl\AccessControl.csproj", "{3C012336-7770-444B-BE37-C858A1E609B8}"
EndProject
Project("{9A19103F-16F7-4668-BE54-9A1E7A4F7556}") = "SecurityProxy", "Seguridad\SecurityProxy\SecurityProxy.csproj", "{D8A7A938-ECAC-48CC-9E9E-F0F5AAC0CA6F}"
EndProject
Project("{9A19103F-16F7-4668-BE54-9A1E7A4F7556}") = "MessageBus", "Integracion\MessageBus\MessageBus.csproj", "{2BD86BDA-01D0-4B34-B7A6-EA12AE1F5350}"
EndProject
Project("{9A19103F-16F7-4668-BE54-9A1E7A4F7556}") = "PublishSubscribe", "Integracion\PublishSubscribe\PublishSubscribe.csproj", "{FD7940D4-2117-4317-8279-DA38FF5345E3}"
EndProject
Project("{9A19103F-16F7-4668-BE54-9A1E7A4F7556}") = "Adapter", "Estructurales\Adapter\Adapter.csproj", "{7ED41838-116A-46B4-A008-9881E341275A}"
EndProject
Project("{9A19103F-16F7-4668-BE54-9A1E7A4F7556}") = "Bridge", "Estructurales\Bridge\Bridge.csproj", "{1A71D000-95C9-48BE-AB97-C25DE7A7CF1F}"
EndProject
Project("{9A19103F-16F7-4668-BE54-9A1E7A4F7556}") = "Composite", "Estructurales\Composite\Composite.csproj", "{5C4E14DB-4D21-4826-AC99-D102E871E6EE}"
EndProject
Project("{9A19103F-16F7-4668-BE54-9A1E7A4F7556}") = "Decorator", "Estructurales\Decorator\Decorator.csproj", "{87E356C1-04C8-4E50-B19C-604C69E2627C}"
EndProject
Project("{9A19103F-16F7-4668-BE54-9A1E7A4F7556}") = "Facade", "Estructurales\Facade\Facade.csproj", "{492DCBF4-FDB0-46FD-8D85-25F729DA7B16}"
EndProject
Project("{9A19103F-16F7-4668-BE54-9A1E7A4F7556}") = "Flyweight", "Estructurales\Flyweight\Flyweight.csproj", "{7A44BF10-2A42-4F14-9176-57F5FD743E78}"
EndProject
Project("{9A19103F-16F7-4668-BE54-9A1E7A4F7556}") = "Proxy", "Estructurales\Proxy\Proxy.csproj", "{CB624350-EA26-4CCB-A279-2311C7C96BD8}"
EndProject
Project("{9A19103F-16F7-4668-BE54-9A1E7A4F7556}") = "AbstractFactory", "Creacionales\AbstractFactory\AbstractFactory.csproj", "{0B4D6614-B2E9-4D5C-89D1-D35701317EE7}"
EndProject
Project("{9A19103F-16F7-4668-BE54-9A1E7A4F7556}") = "Builder", "Creacionales\Builder\Builder.csproj", "{F7A60FA5-E761-4F0D-9F14-201E4F5B4D2D}"
EndProject
Project("{9A19103F-16F7-4668-BE54-9A1E7A4F7556}") = "FactoryMethod", "Creacionales\FactoryMethod\FactoryMethod.csproj", "{0AA3CB13-3498-4F97-B510-9B3B3C7C4DC5}"
EndProject
Project("{9A19103F-16F7-4668-BE54-9A1E7A4F7556}") = "Prototype", "Creacionales\Prototype\Prototype.csproj", "{69A570ED-B69B-411A-A978-5B4702770921}"
EndProject
Project("{9A19103F-16F7-4668-BE54-9A1E7A4F7556}") = "Singleton", "Creacionales\Singleton\Singleton.csproj", "{11FF57D5-06CA-4606-AC22-14D850AF5781}"
EndProject
Project("{9A19103F-16F7-4668-BE54-9A1E7A4F7556}") = "ChainOfResponsibility", "Comportamiento\ChainOfResponsibility\ChainOfResponsibility.csproj", "{20757CF6-EC8E-44E2-A0F4-9361FAADB60D}"
EndProject
Project("{9A19103F-16F7-4668-BE54-9A1E7A4F7556}") = "Command", "Comportamiento\Command\Command.csproj", "{5DC0B462-BC03-4DB6-966F-B71C7718DC8E}"
EndProject
Project("{9A19103F-16F7-4668-BE54-9A1E7A4F7556}") = "Interpreter", "Comportamiento\Interpreter\Interpreter.csproj", "{2DCF1B84-83B8-4B85-A660-BF5D192F6E1B}"
EndProject
Project("{9A19103F-16F7-4668-BE54-9A1E7A4F7556}") = "Iterator", "Comportamiento\Iterator\Iterator.csproj", "{5C32F67E-81FF-4E07-800F-B39B57963D17}"
EndProject
Project("{9A19103F-16F7-4668-BE54-9A1E7A4F7556}") = "Mediator", "Comportamiento\Mediator\Mediator.csproj", "{ACF6964B-337C-4277-BB27-20DB0C182DCE}"
EndProject
Project("{9A19103F-16F7-4668-BE54-9A1E7A4F7556}") = "Memento", "Comportamiento\Memento\Memento.csproj", "{A2921A0B-589F-4CE4-8F45-7DD20914EDA2}"
EndProject
Project("{9A19103F-16F7-4668-BE54-9A1E7A4F7556}") = "Observer", "Comportamiento\Observer\Observer.csproj", "{D1DB5BC5-B8C5-4227-88B2-169BF6587EE2}"
EndProject
Project("{9A19103F-16F7-4668-BE54-9A1E7A4F7556}") = "State", "Comportamiento\State\State.csproj", "{C0F0423D-4F20-42F8-9270-D8508843FEA6}"
EndProject
Project("{9A19103F-16F7-4668-BE54-9A1E7A4F7556}") = "Strategy", "Comportamiento\Strategy\Strategy.csproj", "{FF4AA377-D0FA-422D-ACA2-E214380832D7}"
EndProject
Project("{9A19103F-16F7-4668-BE54-9A1E7A4F7556}") = "TemplateMethod", "Comportamiento\TemplateMethod\TemplateMethod.csproj", "{AA6EFA66-2954-4ABF-8FED-B718D2537C36}"
EndProject
Project("{9A19103F-16F7-4668-BE54-9A1E7A4F7556}") = "Visitor", "Comportamiento\Visitor\Visitor.csproj", "{C8526672-9B37-46B0-A32D-B2009B052361}"
EndProject
Global
	GlobalSection(SolutionConfigurationPlatforms) = preSolution
		Debug|Any CPU = Debug|Any CPU
		Release|Any CPU = Release|Any CPU
	EndGlobalSection
	GlobalSection(ProjectConfigurationPlatforms) = postSolution
		{7B139D45-4578-4D8D-BDA0-16C4C0B262AD}.Debug|Any CPU.ActiveCfg = Debug|Any CPU
		{7B139D45-4578-4D8D-BDA0-16C4C0B262AD}.Debug|Any CPU.Build.0 = Debug|Any CPU
		{7B139D45-4578-4D8D-BDA0-16C4C0B262AD}.Release|Any CPU.ActiveCfg = Release|Any CPU
		{7B139D45-4578-4D8D-BDA0-16C4C0B262AD}.Release|Any CPU.Build.0 = Release|Any CPU
		{74010518-CA9C-4792-8675-0B4907813B93}.Debug|Any CPU.ActiveCfg = Debug|Any CPU
		{74010518-CA9C-4792-8675-0B4907813B93}.Debug|Any CPU.Build.0 = Debug|Any CPU
		{74010518-CA9C-4792-8675-0B4907813B93}.Release|Any CPU.ActiveCfg = Release|Any CPU
		{74010518-CA9C-4792-8675-0B4907813B93}.Release|Any CPU.Build.0 = Release|Any CPU
		{45DB6CCB-2F47-40F2-8E87-D7B788A23372}.Debug|Any CPU.ActiveCfg = Debug|Any CPU
		{45DB6CCB-2F47-40F2-8E87-D7B788A23372}.Debug|Any CPU.Build.0 = Debug|Any CPU
		{45DB6CCB-2F47-40F2-8E87-D7B788A23372}.Release|Any CPU.ActiveCfg = Release|Any CPU
		{45DB6CCB-2F47-40F2-8E87-D7B788A23372}.Release|Any CPU.Build.0 = Release|Any CPU
		{FEEAAA6E-5428-48EB-B933-036EEE09441B}.Debug|Any CPU.ActiveCfg = Debug|Any CPU
		{FEEAAA6E-5428-48EB-B933-036EEE09441B}.Debug|Any CPU.Build.0 = Debug|Any CPU
		{FEEAAA6E-5428-48EB-B933-036EEE09441B}.Release|Any CPU.ActiveCfg = Release|Any CPU
		{FEEAAA6E-5428-48EB-B933-036EEE09441B}.Release|Any CPU.Build.0 = Release|Any CPU
		{6D8A7B8D-6EC6-4135-BDF9-0AAAD1C96403}.Debug|Any CPU.ActiveCfg = Debug|Any CPU
		{6D8A7B8D-6EC6-4135-BDF9-0AAAD1C96403}.Debug|Any CPU.Build.0 = Debug|Any CPU
		{6D8A7B8D-6EC6-4135-BDF9-0AAAD1C96403}.Release|Any CPU.ActiveCfg = Release|Any CPU
		{6D8A7B8D-6EC6-4135-BDF9-0AAAD1C96403}.Release|Any CPU.Build.0 = Release|Any CPU
		{A722A4D9-FCBC-43D7-8A9B-33E19E07C420}.Debug|Any CPU.ActiveCfg = Debug|Any CPU
		{A722A4D9-FCBC-43D7-8A9B-33E19E07C420}.Debug|Any CPU.Build.0 = Debug|Any CPU
		{A722A4D9-FCBC-43D7-8A9B-33E19E07C420}.Release|Any CPU.ActiveCfg = Release|Any CPU
		{A722A4D9-FCBC-43D7-8A9B-33E19E07C420}.Release|Any CPU.Build.0 = Release|Any CPU
		{36B7B58D-142E-4588-AC76-8554570226E5}.Debug|Any CPU.ActiveCfg = Debug|Any CPU
		{36B7B58D-142E-4588-AC76-8554570226E5}.Debug|Any CPU.Build.0 = Debug|Any CPU
		{36B7B58D-142E-4588-AC76-8554570226E5}.Release|Any CPU.ActiveCfg = Release|Any CPU
		{36B7B58D-142E-4588-AC76-8554570226E5}.Release|Any CPU.Build.0 = Release|Any CPU
		{BE0B9BBD-BA68-42F0-8663-EEC90DC3EC73}.Debug|Any CPU.ActiveCfg = Debug|Any CPU
		{BE0B9BBD-BA68-42F0-8663-EEC90DC3EC73}.Debug|Any CPU.Build.0 = Debug|Any CPU
		{BE0B9BBD-BA68-42F0-8663-EEC90DC3EC73}.Release|Any CPU.ActiveCfg = Release|Any CPU
		{BE0B9BBD-BA68-42F0-8663-EEC90DC3EC73}.Release|Any CPU.Build.0 = Release|Any CPU
		{DA254547-8FA6-4CFD-9A0F-C1D8782491BC}.Debug|Any CPU.ActiveCfg = Debug|Any CPU
		{DA254547-8FA6-4CFD-9A0F-C1D8782491BC}.Debug|Any CPU.Build.0 = Debug|Any CPU
		{DA254547-8FA6-4CFD-9A0F-C1D8782491BC}.Release|Any CPU.ActiveCfg = Release|Any CPU
		{DA254547-8FA6-4CFD-9A0F-C1D8782491BC}.Release|Any CPU.Build.0 = Release|Any CPU
		{E650E5F7-7966-4953-A3ED-154C8B69F1C4}.Debug|Any CPU.ActiveCfg = Debug|Any CPU
		{E650E5F7-7966-4953-A3ED-154C8B69F1C4}.Debug|Any CPU.Build.0 = Debug|Any CPU
		{E650E5F7-7966-4953-A3ED-154C8B69F1C4}.Release|Any CPU.ActiveCfg = Release|Any CPU
		{E650E5F7-7966-4953-A3ED-154C8B69F1C4}.Release|Any CPU.Build.0 = Release|Any CPU
		{256E8885-6000-4A25-B288-67DDD49C5DB9}.Debug|Any CPU.ActiveCfg = Debug|Any CPU
		{256E8885-6000-4A25-B288-67DDD49C5DB9}.Debug|Any CPU.Build.0 = Debug|Any CPU
		{256E8885-6000-4A25-B288-67DDD49C5DB9}.Release|Any CPU.ActiveCfg = Release|Any CPU
		{256E8885-6000-4A25-B288-67DDD49C5DB9}.Release|Any CPU.Build.0 = Release|Any CPU
		{00B0B2A7-5047-4E4F-9CCE-BE207604D16F}.Debug|Any CPU.ActiveCfg = Debug|Any CPU
		{00B0B2A7-5047-4E4F-9CCE-BE207604D16F}.Debug|Any CPU.Build.0 = Debug|Any CPU
		{00B0B2A7-5047-4E4F-9CCE-BE207604D16F}.Release|Any CPU.ActiveCfg = Release|Any CPU
		{00B0B2A7-5047-4E4F-9CCE-BE207604D16F}.Release|Any CPU.Build.0 = Release|Any CPU
		{92A9A31C-D2BF-44CD-9E21-161B82D2FA45}.Debug|Any CPU.ActiveCfg = Debug|Any CPU
		{92A9A31C-D2BF-44CD-9E21-161B82D2FA45}.Debug|Any CPU.Build.0 = Debug|Any CPU
		{92A9A31C-D2BF-44CD-9E21-161B82D2FA45}.Release|Any CPU.ActiveCfg = Release|Any CPU
		{92A9A31C-D2BF-44CD-9E21-161B82D2FA45}.Release|Any CPU.Build.0 = Release|Any CPU
		{3C012336-7770-444B-BE37-C858A1E609B8}.Debug|Any CPU.ActiveCfg = Debug|Any CPU
		{3C012336-7770-444B-BE37-C858A1E609B8}.Debug|Any CPU.Build.0 = Debug|Any CPU
		{3C012336-7770-444B-BE37-C858A1E609B8}.Release|Any CPU.ActiveCfg = Release|Any CPU
		{3C012336-7770-444B-BE37-C858A1E609B8}.Release|Any CPU.Build.0 = Release|Any CPU
		{D8A7A938-ECAC-48CC-9E9E-F0F5AAC0CA6F}.Debug|Any CPU.ActiveCfg = Debug|Any CPU
		{D8A7A938-ECAC-48CC-9E9E-F0F5AAC0CA6F}.Debug|Any CPU.Build.0 = Debug|Any CPU
		{D8A7A938-ECAC-48CC-9E9E-F0F5AAC0CA6F}.Release|Any CPU.ActiveCfg = Release|Any CPU
		{D8A7A938-ECAC-48CC-9E9E-F0F5AAC0CA6F}.Release|Any CPU.Build.0 = Release|Any CPU
		{2BD86BDA-01D0-4B34-B7A6-EA12AE1F5350}.Debug|Any CPU.ActiveCfg = Debug|Any CPU
		{2BD86BDA-01D0-4B34-B7A6-EA12AE1F5350}.Debug|Any CPU.Build.0 = Debug|Any CPU
		{2BD86BDA-01D0-4B34-B7A6-EA12AE1F5350}.Release|Any CPU.ActiveCfg = Release|Any CPU
		{2BD86BDA-01D0-4B34-B7A6-EA12AE1F5350}.Release|Any CPU.Build.0 = Release|Any CPU
		{FD7940D4-2117-4317-8279-DA38FF5345E3}.Debug|Any CPU.ActiveCfg = Debug|Any CPU
		{FD7940D4-2117-4317-8279-DA38FF5345E3}.Debug|Any CPU.Build.0 = Debug|Any CPU
		{FD7940D4-2117-4317-8279-DA38FF5345E3}.Release|Any CPU.ActiveCfg = Release|Any CPU
		{FD7940D4-2117-4317-8279-DA38FF5345E3}.Release|Any CPU.Build.0 = Release|Any CPU
		{7ED41838-116A-46B4-A008-9881E341275A}.Debug|Any CPU.ActiveCfg = Debug|Any CPU
		{7ED41838-116A-46B4-A008-9881E341275A}.Debug|Any CPU.Build.0 = Debug|Any CPU
		{7ED41838-116A-46B4-A008-9881E341275A}.Release|Any CPU.ActiveCfg = Release|Any CPU
		{7ED41838-116A-46B4-A008-9881E341275A}.Release|Any CPU.Build.0 = Release|Any CPU
		{1A71D000-95C9-48BE-AB97-C25DE7A7CF1F}.Debug|Any CPU.ActiveCfg = Debug|Any CPU
		{1A71D000-95C9-48BE-AB97-C25DE7A7CF1F}.Debug|Any CPU.Build.0 = Debug|Any CPU
		{1A71D000-95C9-48BE-AB97-C25DE7A7CF1F}.Release|Any CPU.ActiveCfg = Release|Any CPU
		{1A71D000-95C9-48BE-AB97-C25DE7A7CF1F}.Release|Any CPU.Build.0 = Release|Any CPU
		{5C4E14DB-4D21-4826-AC99-D102E871E6EE}.Debug|Any CPU.ActiveCfg = Debug|Any CPU
		{5C4E14DB-4D21-4826-AC99-D102E871E6EE}.Debug|Any CPU.Build.0 = Debug|Any CPU
		{5C4E14DB-4D21-4826-AC99-D102E871E6EE}.Release|Any CPU.ActiveCfg = Release|Any CPU
		{5C4E14DB-4D21-4826-AC99-D102E871E6EE}.Release|Any CPU.Build.0 = Release|Any CPU
		{87E356C1-04C8-4E50-B19C-604C69E2627C}.Debug|Any CPU.ActiveCfg = Debug|Any CPU
		{87E356C1-04C8-4E50-B19C-604C69E2627C}.Debug|Any CPU.Build.0 = Debug|Any CPU
		{87E356C1-04C8-4E50-B19C-604C69E2627C}.Release|Any CPU.ActiveCfg = Release|Any CPU
		{87E356C1-04C8-4E50-B19C-604C69E2627C}.Release|Any CPU.Build.0 = Release|Any CPU
		{492DCBF4-FDB0-46FD-8D85-25F729DA7B16}.Debug|Any CPU.ActiveCfg = Debug|Any CPU
		{492DCBF4-FDB0-46FD-8D85-25F729DA7B16}.Debug|Any CPU.Build.0 = Debug|Any CPU
		{492DCBF4-FDB0-46FD-8D85-25F729DA7B16}.Release|Any CPU.ActiveCfg = Release|Any CPU
		{492DCBF4-FDB0-46FD-8D85-25F729DA7B16}.Release|Any CPU.Build.0 = Release|Any CPU
		{7A44BF10-2A42-4F14-9176-57F5FD743E78}.Debug|Any CPU.ActiveCfg = Debug|Any CPU
		{7A44BF10-2A42-4F14-9176-57F5FD743E78}.Debug|Any CPU.Build.0 = Debug|Any CPU
		{7A44BF10-2A42-4F14-9176-57F5FD743E78}.Release|Any CPU.ActiveCfg = Release|Any CPU
		{7A44BF10-2A42-4F14-9176-57F5FD743E78}.Release|Any CPU.Build.0 = Release|Any CPU
		{CB624350-EA26-4CCB-A279-2311C7C96BD8}.Debug|Any CPU.ActiveCfg = Debug|Any CPU
		{CB624350-EA26-4CCB-A279-2311C7C96BD8}.Debug|Any CPU.Build.0 = Debug|Any CPU
		{CB624350-EA26-4CCB-A279-2311C7C96BD8}.Release|Any CPU.ActiveCfg = Release|Any CPU
		{CB624350-EA26-4CCB-A279-2311C7C96BD8}.Release|Any CPU.Build.0 = Release|Any CPU
		{0B4D6614-B2E9-4D5C-89D1-D35701317EE7}.Debug|Any CPU.ActiveCfg = Debug|Any CPU
		{0B4D6614-B2E9-4D5C-89D1-D35701317EE7}.Debug|Any CPU.Build.0 = Debug|Any CPU
		{0B4D6614-B2E9-4D5C-89D1-D35701317EE7}.Release|Any CPU.ActiveCfg = Release|Any CPU
		{0B4D6614-B2E9-4D5C-89D1-D35701317EE7}.Release|Any CPU.Build.0 = Release|Any CPU
		{F7A60FA5-E761-4F0D-9F14-201E4F5B4D2D}.Debug|Any CPU.ActiveCfg = Debug|Any CPU
		{F7A60FA5-E761-4F0D-9F14-201E4F5B4D2D}.Debug|Any CPU.Build.0 = Debug|Any CPU
		{F7A60FA5-E761-4F0D-9F14-201E4F5B4D2D}.Release|Any CPU.ActiveCfg = Release|Any CPU
		{F7A60FA5-E761-4F0D-9F14-201E4F5B4D2D}.Release|Any CPU.Build.0 = Release|Any CPU
		{0AA3CB13-3498-4F97-B510-9B3B3C7C4DC5}.Debug|Any CPU.ActiveCfg = Debug|Any CPU
		{0AA3CB13-3498-4F97-B510-9B3B3C7C4DC5}.Debug|Any CPU.Build.0 = Debug|Any CPU
		{0AA3CB13-3498-4F97-B510-9B3B3C7C4DC5}.Release|Any CPU.ActiveCfg = Release|Any CPU
		{0AA3CB13-3498-4F97-B510-9B3B3C7C4DC5}.Release|Any CPU.Build.0 = Release|Any CPU
		{69A570ED-B69B-411A-A978-5B4702770921}.Debug|Any CPU.ActiveCfg = Debug|Any CPU
		{69A570ED-B69B-411A-A978-5B4702770921}.Debug|Any CPU.Build.0 = Debug|Any CPU
		{69A570ED-B69B-411A-A978-5B4702770921}.Release|Any CPU.ActiveCfg = Release|Any CPU
		{69A570ED-B69B-411A-A978-5B4702770921}.Release|Any CPU.Build.0 = Release|Any CPU
		{11FF57D5-06CA-4606-AC22-14D850AF5781}.Debug|Any CPU.ActiveCfg = Debug|Any CPU
		{11FF57D5-06CA-4606-AC22-14D850AF5781}.Debug|Any CPU.Build.0 = Debug|Any CPU
		{11FF57D5-06CA-4606-AC22-14D850AF5781}.Release|Any CPU.ActiveCfg = Release|Any CPU
		{11FF57D5-06CA-4606-AC22-14D850AF5781}.Release|Any CPU.Build.0 = Release|Any CPU
		{20757CF6-EC8E-44E2-A0F4-9361FAADB60D}.Debug|Any CPU.ActiveCfg = Debug|Any CPU
		{20757CF6-EC8E-44E2-A0F4-9361FAADB60D}.Debug|Any CPU.Build.0 = Debug|Any CPU
		{20757CF6-EC8E-44E2-A0F4-9361FAADB60D}.Release|Any CPU.ActiveCfg = Release|Any CPU
		{20757CF6-EC8E-44E2-A0F4-9361FAADB60D}.Release|Any CPU.Build.0 = Release|Any CPU
		{5DC0B462-BC03-4DB6-966F-B71C7718DC8E}.Debug|Any CPU.ActiveCfg = Debug|Any CPU
		{5DC0B462-BC03-4DB6-966F-B71C7718DC8E}.Debug|Any CPU.Build.0 = Debug|Any CPU
		{5DC0B462-BC03-4DB6-966F-B71C7718DC8E}.Release|Any CPU.ActiveCfg = Release|Any CPU
		{5DC0B462-BC03-4DB6-966F-B71C7718DC8E}.Release|Any CPU.Build.0 = Release|Any CPU
		{2DCF1B84-83B8-4B85-A660-BF5D192F6E1B}.Debug|Any CPU.ActiveCfg = Debug|Any CPU
		{2DCF1B84-83B8-4B85-A660-BF5D192F6E1B}.Debug|Any CPU.Build.0 = Debug|Any CPU
		{2DCF1B84-83B8-4B85-A660-BF5D192F6E1B}.Release|Any CPU.ActiveCfg = Release|Any CPU
		{2DCF1B84-83B8-4B85-A660-BF5D192F6E1B}.Release|Any CPU.Build.0 = Release|Any CPU
		{5C32F67E-81FF-4E07-800F-B39B57963D17}.Debug|Any CPU.ActiveCfg = Debug|Any CPU
		{5C32F67E-81FF-4E07-800F-B39B57963D17}.Debug|Any CPU.Build.0 = Debug|Any CPU
		{5C32F67E-81FF-4E07-800F-B39B57963D17}.Release|Any CPU.ActiveCfg = Release|Any CPU
		{5C32F67E-81FF-4E07-800F-B39B57963D17}.Release|Any CPU.Build.0 = Release|Any CPU
		{ACF6964B-337C-4277-BB27-20DB0C182DCE}.Debug|Any CPU.ActiveCfg = Debug|Any CPU
		{ACF6964B-337C-4277-BB27-20DB0C182DCE}.Debug|Any CPU.Build.0 = Debug|Any CPU
		{ACF6964B-337C-4277-BB27-20DB0C182DCE}.Release|Any CPU.ActiveCfg = Release|Any CPU
		{ACF6964B-337C-4277-BB27-20DB0C182DCE}.Release|Any CPU.Build.0 = Release|Any CPU
		{A2921A0B-589F-4CE4-8F45-7DD20914EDA2}.Debug|Any CPU.ActiveCfg = Debug|Any CPU
		{A2921A0B-589F-4CE4-8F45-7DD20914EDA2}.Debug|Any CPU.Build.0 = Debug|Any CPU
		{A2921A0B-589F-4CE4-8F45-7DD20914EDA2}.Release|Any CPU.ActiveCfg = Release|Any CPU
		{A2921A0B-589F-4CE4-8F45-7DD20914EDA2}.Release|Any CPU.Build.0 = Release|Any CPU
		{D1DB5BC5-B8C5-4227-88B2-169BF6587EE2}.Debug|Any CPU.ActiveCfg = Debug|Any CPU
		{D1DB5BC5-B8C5-4227-88B2-169BF6587EE2}.Debug|Any CPU.Build.0 = Debug|Any CPU
		{D1DB5BC5-B8C5-4227-88B2-169BF6587EE2}.Release|Any CPU.ActiveCfg = Release|Any CPU
		{D1DB5BC5-B8C5-4227-88B2-169BF6587EE2}.Release|Any CPU.Build.0 = Release|Any CPU
		{C0F0423D-4F20-42F8-9270-D8508843FEA6}.Debug|Any CPU.ActiveCfg = Debug|Any CPU
		{C0F0423D-4F20-42F8-9270-D8508843FEA6}.Debug|Any CPU.Build.0 = Debug|Any CPU
		{C0F0423D-4F20-42F8-9270-D8508843FEA6}.Release|Any CPU.ActiveCfg = Release|Any CPU
		{C0F0423D-4F20-42F8-9270-D8508843FEA6}.Release|Any CPU.Build.0 = Release|Any CPU
		{FF4AA377-D0FA-422D-ACA2-E214380832D7}.Debug|Any CPU.ActiveCfg = Debug|Any CPU
		{FF4AA377-D0FA-422D-ACA2-E214380832D7}.Debug|Any CPU.Build.0 = Debug|Any CPU
		{FF4AA377-D0FA-422D-ACA2-E214380832D7}.Release|Any CPU.ActiveCfg = Release|Any CPU
		{FF4AA377-D0FA-422D-ACA2-E214380832D7}.Release|Any CPU.Build.0 = Release|Any CPU
		{AA6EFA66-2954-4ABF-8FED-B718D2537C36}.Debug|Any CPU.ActiveCfg = Debug|Any CPU
		{AA6EFA66-2954-4ABF-8FED-B718D2537C36}.Debug|Any CPU.Build.0 = Debug|Any CPU
		{AA6EFA66-2954-4ABF-8FED-B718D2537C36}.Release|Any CPU.ActiveCfg = Release|Any CPU
		{AA6EFA66-2954-4ABF-8FED-B718D2537C36}.Release|Any CPU.Build.0 = Release|Any CPU
		{C8526672-9B37-46B0-A32D-B2009B052361}.Debug|Any CPU.ActiveCfg = Debug|Any CPU
		{C8526672-9B37-46B0-A32D-B2009B052361}.Debug|Any CPU.Build.0 = Debug|Any CPU
		{C8526672-9B37-46B0-A32D-B2009B052361}.Release|Any CPU.ActiveCfg = Release|Any CPU
		{C8526672-9B37-46B0-A32D-B2009B052361}.Release|Any CPU.Build.0 = Release|Any CPU
	EndGlobalSection
	GlobalSection(SolutionProperties) = preSolution
		HideSolutionNode = FALSE
	EndGlobalSection
	GlobalSection(NestedProjects) = preSolution
		{7B139D45-4578-4D8D-BDA0-16C4C0B262AD} = {013FF897-4B09-4A8C-ABA6-95573657A9CE}
		{74010518-CA9C-4792-8675-0B4907813B93} = {013FF897-4B09-4A8C-ABA6-95573657A9CE}
		{45DB6CCB-2F47-40F2-8E87-D7B788A23372} = {85CE7B2A-A702-41C2-9B1C-29ED21BB74DE}
		{FEEAAA6E-5428-48EB-B933-036EEE09441B} = {85CE7B2A-A702-41C2-9B1C-29ED21BB74DE}
		{6D8A7B8D-6EC6-4135-BDF9-0AAAD1C96403} = {85CE7B2A-A702-41C2-9B1C-29ED21BB74DE}
		{A722A4D9-FCBC-43D7-8A9B-33E19E07C420} = {85CE7B2A-A702-41C2-9B1C-29ED21BB74DE}
		{36B7B58D-142E-4588-AC76-8554570226E5} = {85CE7B2A-A702-41C2-9B1C-29ED21BB74DE}
		{BE0B9BBD-BA68-42F0-8663-EEC90DC3EC73} = {85CE7B2A-A702-41C2-9B1C-29ED21BB74DE}
		{DA254547-8FA6-4CFD-9A0F-C1D8782491BC} = {85CE7B2A-A702-41C2-9B1C-29ED21BB74DE}
		{E650E5F7-7966-4953-A3ED-154C8B69F1C4} = {51F1F1F6-20B9-463E-9CB8-F4C706BC900D}
		{256E8885-6000-4A25-B288-67DDD49C5DB9} = {51F1F1F6-20B9-463E-9CB8-F4C706BC900D}
		{00B0B2A7-5047-4E4F-9CCE-BE207604D16F} = {51F1F1F6-20B9-463E-9CB8-F4C706BC900D}
		{92A9A31C-D2BF-44CD-9E21-161B82D2FA45} = {51F1F1F6-20B9-463E-9CB8-F4C706BC900D}
		{3C012336-7770-444B-BE37-C858A1E609B8} = {3A246D02-7002-45D5-B2C0-B8570A493E80}
		{D8A7A938-ECAC-48CC-9E9E-F0F5AAC0CA6F} = {3A246D02-7002-45D5-B2C0-B8570A493E80}
		{2BD86BDA-01D0-4B34-B7A6-EA12AE1F5350} = {666E369F-AC60-4BEF-B54E-02C8BF3F532F}
		{FD7940D4-2117-4317-8279-DA38FF5345E3} = {666E369F-AC60-4BEF-B54E-02C8BF3F532F}
		{7ED41838-116A-46B4-A008-9881E341275A} = {6763B546-5C66-4603-9C77-3DF3879FC458}
		{1A71D000-95C9-48BE-AB97-C25DE7A7CF1F} = {6763B546-5C66-4603-9C77-3DF3879FC458}
		{5C4E14DB-4D21-4826-AC99-D102E871E6EE} = {6763B546-5C66-4603-9C77-3DF3879FC458}
		{87E356C1-04C8-4E50-B19C-604C69E2627C} = {6763B546-5C66-4603-9C77-3DF3879FC458}
		{492DCBF4-FDB0-46FD-8D85-25F729DA7B16} = {6763B546-5C66-4603-9C77-3DF3879FC458}
		{7A44BF10-2A42-4F14-9176-57F5FD743E78} = {6763B546-5C66-4603-9C77-3DF3879FC458}
		{CB624350-EA26-4CCB-A279-2311C7C96BD8} = {6763B546-5C66-4603-9C77-3DF3879FC458}
		{0B4D6614-B2E9-4D5C-89D1-D35701317EE7} = {DED85BF8-89FA-4A39-9B12-BE237E530233}
		{F7A60FA5-E761-4F0D-9F14-201E4F5B4D2D} = {DED85BF8-89FA-4A39-9B12-BE237E530233}
		{0AA3CB13-3498-4F97-B510-9B3B3C7C4DC5} = {DED85BF8-89FA-4A39-9B12-BE237E530233}
		{69A570ED-B69B-411A-A978-5B4702770921} = {DED85BF8-89FA-4A39-9B12-BE237E530233}
		{11FF57D5-06CA-4606-AC22-14D850AF5781} = {DED85BF8-89FA-4A39-9B12-BE237E530233}
		{20757CF6-EC8E-44E2-A0F4-9361FAADB60D} = {56DE03F4-4BCE-432C-B280-BD6056849BC3}
		{5DC0B462-BC03-4DB6-966F-B71C7718DC8E} = {56DE03F4-4BCE-432C-B280-BD6056849BC3}
		{2DCF1B84-83B8-4B85-A660-BF5D192F6E1B} = {56DE03F4-4BCE-432C-B280-BD6056849BC3}
		{5C32F67E-81FF-4E07-800F-B39B57963D17} = {56DE03F4-4BCE-432C-B280-BD6056849BC3}
		{ACF6964B-337C-4277-BB27-20DB0C182DCE} = {56DE03F4-4BCE-432C-B280-BD6056849BC3}
		{A2921A0B-589F-4CE4-8F45-7DD20914EDA2} = {56DE03F4-4BCE-432C-B280-BD6056849BC3}
		{D1DB5BC5-B8C5-4227-88B2-169BF6587EE2} = {56DE03F4-4BCE-432C-B280-BD6056849BC3}
		{C0F0423D-4F20-42F8-9270-D8508843FEA6} = {56DE03F4-4BCE-432C-B280-BD6056849BC3}
		{FF4AA377-D0FA-422D-ACA2-E214380832D7} = {56DE03F4-4BCE-432C-B280-BD6056849BC3}
		{AA6EFA66-2954-4ABF-8FED-B718D2537C36} = {56DE03F4-4BCE-432C-B280-BD6056849BC3}
		{C8526672-9B37-46B0-A32D-B2009B052361} = {56DE03F4-4BCE-432C-B280-BD6056849BC3}
	EndGlobalSection
	GlobalSection(ExtensibilityGlobals) = postSolution
		SolutionGuid = {B3B7B64C-BA21-4DD8-9B5E-9A37D3C26B87}
	EndGlobalSection
EndGlobal
